// !$*UTF8*$!
{
	archiveVersion = 1;
	classes = {
	};
	objectVersion = 56;
	objects = {

/* Begin PBXBuildFile section */
		58FE9D7A29FB356300D5E963 /* GridBootcamp.swift in Sources */ = {isa = PBXBuildFile; fileRef = 58FE9D7929FB356300D5E963 /* GridBootcamp.swift */; };
		6455E7B829ECBBC100B92BB5 /* SwiftUIThinkingApp.swift in Sources */ = {isa = PBXBuildFile; fileRef = 6455E7B729ECBBC100B92BB5 /* SwiftUIThinkingApp.swift */; };
		6455E7BC29ECBBC200B92BB5 /* Assets.xcassets in Resources */ = {isa = PBXBuildFile; fileRef = 6455E7BB29ECBBC200B92BB5 /* Assets.xcassets */; };
		6455E7BF29ECBBC200B92BB5 /* Preview Assets.xcassets in Resources */ = {isa = PBXBuildFile; fileRef = 6455E7BE29ECBBC200B92BB5 /* Preview Assets.xcassets */; };
		6455E7C829ECBFAA00B92BB5 /* TextBootcamp.swift in Sources */ = {isa = PBXBuildFile; fileRef = 6455E7C729ECBFAA00B92BB5 /* TextBootcamp.swift */; };
		6455E7CA29EF70E200B92BB5 /* ShapeBootcamp.swift in Sources */ = {isa = PBXBuildFile; fileRef = 6455E7C929EF70E200B92BB5 /* ShapeBootcamp.swift */; };
		6455E7CC29EF799B00B92BB5 /* ColorBootcamp.swift in Sources */ = {isa = PBXBuildFile; fileRef = 6455E7CB29EF799B00B92BB5 /* ColorBootcamp.swift */; };
		6455E7CE29EF861400B92BB5 /* GradientsBootcamp.swift in Sources */ = {isa = PBXBuildFile; fileRef = 6455E7CD29EF861400B92BB5 /* GradientsBootcamp.swift */; };
		6455E7D029F0070100B92BB5 /* IconsBootcamp.swift in Sources */ = {isa = PBXBuildFile; fileRef = 6455E7CF29F0070100B92BB5 /* IconsBootcamp.swift */; };
		6455E7D229F00CFD00B92BB5 /* ImageBootcamp.swift in Sources */ = {isa = PBXBuildFile; fileRef = 6455E7D129F00CFD00B92BB5 /* ImageBootcamp.swift */; };
		6455E7D429F0C4CC00B92BB5 /* FrameBootcamp.swift in Sources */ = {isa = PBXBuildFile; fileRef = 6455E7D329F0C4CC00B92BB5 /* FrameBootcamp.swift */; };
		6455E7D629F5F59100B92BB5 /* BackgroundAndOverlayBootcamp.swift in Sources */ = {isa = PBXBuildFile; fileRef = 6455E7D529F5F59100B92BB5 /* BackgroundAndOverlayBootcamp.swift */; };
		6455E7D829F603AE00B92BB5 /* StacksBootcamp.swift in Sources */ = {isa = PBXBuildFile; fileRef = 6455E7D729F603AE00B92BB5 /* StacksBootcamp.swift */; };
		6455E7DA29F619D300B92BB5 /* PaddingAndSpacerBootcamp.swift in Sources */ = {isa = PBXBuildFile; fileRef = 6455E7D929F619D300B92BB5 /* PaddingAndSpacerBootcamp.swift */; };
		6455E7DC29F633CF00B92BB5 /* SpacerBootcamp.swift in Sources */ = {isa = PBXBuildFile; fileRef = 6455E7DB29F633CF00B92BB5 /* SpacerBootcamp.swift */; };
		6455E7DE29F655D300B92BB5 /* ForEachBootcamp.swift in Sources */ = {isa = PBXBuildFile; fileRef = 6455E7DD29F655D300B92BB5 /* ForEachBootcamp.swift */; };
		6455E7E029F69CDC00B92BB5 /* ScrollViewBootcamp.swift in Sources */ = {isa = PBXBuildFile; fileRef = 6455E7DF29F69CDC00B92BB5 /* ScrollViewBootcamp.swift */; };
		6455E7E729FCA1B700B92BB5 /* ButtonBootcamp.swift in Sources */ = {isa = PBXBuildFile; fileRef = 6455E7E629FCA1B700B92BB5 /* ButtonBootcamp.swift */; };
		6455E7E929FCA85700B92BB5 /* StateBootcamp.swift in Sources */ = {isa = PBXBuildFile; fileRef = 6455E7E829FCA85700B92BB5 /* StateBootcamp.swift */; };
		6455E7EB29FCAF2E00B92BB5 /* ExtractedFunctionsBootcamp.swift in Sources */ = {isa = PBXBuildFile; fileRef = 6455E7EA29FCAF2E00B92BB5 /* ExtractedFunctionsBootcamp.swift */; };
		6455E7ED29FCB47000B92BB5 /* BindingBootCamp.swift in Sources */ = {isa = PBXBuildFile; fileRef = 6455E7EC29FCB47000B92BB5 /* BindingBootCamp.swift */; };
		6455E7EF29FCCB2A00B92BB5 /* AnimationBootcamp.swift in Sources */ = {isa = PBXBuildFile; fileRef = 6455E7EE29FCCB2A00B92BB5 /* AnimationBootcamp.swift */; };
		6455E7F329FCD4D600B92BB5 /* AnimationTimingBootcamp.swift in Sources */ = {isa = PBXBuildFile; fileRef = 6455E7F229FCD4D600B92BB5 /* AnimationTimingBootcamp.swift */; };
		6455E7F529FCDC9300B92BB5 /* TransitionBootcamp.swift in Sources */ = {isa = PBXBuildFile; fileRef = 6455E7F429FCDC9300B92BB5 /* TransitionBootcamp.swift */; };
		6455E7F729FE9A9B00B92BB5 /* SheetsBootcamp.swift in Sources */ = {isa = PBXBuildFile; fileRef = 6455E7F629FE9A9B00B92BB5 /* SheetsBootcamp.swift */; };
		6455E7F929FEA49500B92BB5 /* PopoverBootcamp.swift in Sources */ = {isa = PBXBuildFile; fileRef = 6455E7F829FEA49500B92BB5 /* PopoverBootcamp.swift */; };
		6455E7FB29FEA9A200B92BB5 /* NavigationViewBootcamp.swift in Sources */ = {isa = PBXBuildFile; fileRef = 6455E7FA29FEA9A200B92BB5 /* NavigationViewBootcamp.swift */; };
		6455E7FD29FF460D00B92BB5 /* ListBootcamp.swift in Sources */ = {isa = PBXBuildFile; fileRef = 6455E7FC29FF460D00B92BB5 /* ListBootcamp.swift */; };
		6455E7FF29FF522200B92BB5 /* AlertBootcamp.swift in Sources */ = {isa = PBXBuildFile; fileRef = 6455E7FE29FF522200B92BB5 /* AlertBootcamp.swift */; };
		6455E80129FF5D5500B92BB5 /* ActionsheetBootcamp.swift in Sources */ = {isa = PBXBuildFile; fileRef = 6455E80029FF5D5500B92BB5 /* ActionsheetBootcamp.swift */; };
		6455E8272A03929200B92BB5 /* SwiftUIPrac1.swift in Sources */ = {isa = PBXBuildFile; fileRef = 6455E8252A03928400B92BB5 /* SwiftUIPrac1.swift */; };
		6455E8292A03D9A600B92BB5 /* TextfieldBootcamp.swift in Sources */ = {isa = PBXBuildFile; fileRef = 6455E8282A03D9A600B92BB5 /* TextfieldBootcamp.swift */; };
		6455E82B2A03E16A00B92BB5 /* TextEditorBootcamp.swift in Sources */ = {isa = PBXBuildFile; fileRef = 6455E82A2A03E16A00B92BB5 /* TextEditorBootcamp.swift */; };
		6455E82D2A03E59A00B92BB5 /* ToggleBootcamp.swift in Sources */ = {isa = PBXBuildFile; fileRef = 6455E82C2A03E59A00B92BB5 /* ToggleBootcamp.swift */; };
		6455E82F2A03E7F400B92BB5 /* PickerBootcamp.swift in Sources */ = {isa = PBXBuildFile; fileRef = 6455E82E2A03E7F400B92BB5 /* PickerBootcamp.swift */; };
		6455E8312A03F65900B92BB5 /* ColorPickerBootcamp.swift in Sources */ = {isa = PBXBuildFile; fileRef = 6455E8302A03F65900B92BB5 /* ColorPickerBootcamp.swift */; };
		6455E8332A03F92900B92BB5 /* DatePickerBootcamp.swift in Sources */ = {isa = PBXBuildFile; fileRef = 6455E8322A03F92900B92BB5 /* DatePickerBootcamp.swift */; };
		6455E8352A04003C00B92BB5 /* StepperBootcamp.swift in Sources */ = {isa = PBXBuildFile; fileRef = 6455E8342A04003C00B92BB5 /* StepperBootcamp.swift */; };
		6455E8372A04796000B92BB5 /* SliderBootcamp.swift in Sources */ = {isa = PBXBuildFile; fileRef = 6455E8362A04796000B92BB5 /* SliderBootcamp.swift */; };
		6455E8392A04921B00B92BB5 /* TabViewBootcamp.swift in Sources */ = {isa = PBXBuildFile; fileRef = 6455E8382A04921B00B92BB5 /* TabViewBootcamp.swift */; };
		6455E83B2A04A52C00B92BB5 /* OnAppearBootcamp.swift in Sources */ = {isa = PBXBuildFile; fileRef = 6455E83A2A04A52C00B92BB5 /* OnAppearBootcamp.swift */; };
		6455E83D2A06022000B92BB5 /* TabGestureBootcamp.swift in Sources */ = {isa = PBXBuildFile; fileRef = 6455E83C2A06022000B92BB5 /* TabGestureBootcamp.swift */; };
		6455E83F2A0604B300B92BB5 /* ModelBootcamp.swift in Sources */ = {isa = PBXBuildFile; fileRef = 6455E83E2A0604B300B92BB5 /* ModelBootcamp.swift */; };
		6455E8412A0609B000B92BB5 /* ViewModelBootcamp.swift in Sources */ = {isa = PBXBuildFile; fileRef = 6455E8402A0609B000B92BB5 /* ViewModelBootcamp.swift */; };
		6455E8432A061A0000B92BB5 /* EnvironmentObjectBootcamp.swift in Sources */ = {isa = PBXBuildFile; fileRef = 6455E8422A061A0000B92BB5 /* EnvironmentObjectBootcamp.swift */; };
		6478174F2A0E583A000DF859 /* AppStorageBootcamp.swift in Sources */ = {isa = PBXBuildFile; fileRef = 6478174E2A0E583A000DF859 /* AppStorageBootcamp.swift */; };
		6483C36F2A11BB29000463FE /* IntroView.swift in Sources */ = {isa = PBXBuildFile; fileRef = 6483C36C2A11BAFD000463FE /* IntroView.swift */; };
		6483C3712A11BC61000463FE /* OnboardingView.swift in Sources */ = {isa = PBXBuildFile; fileRef = 6483C3702A11BC61000463FE /* OnboardingView.swift */; };
		6483C3732A11C9DB000463FE /* ProfileView.swift in Sources */ = {isa = PBXBuildFile; fileRef = 6483C3722A11C9DB000463FE /* ProfileView.swift */; };
		6483C3752A11CD10000463FE /* AsyncImageBootcamp.swift in Sources */ = {isa = PBXBuildFile; fileRef = 6483C3742A11CD10000463FE /* AsyncImageBootcamp.swift */; };
		6483C3772A11D2CD000463FE /* BackgroundMaterialBootcamp.swift in Sources */ = {isa = PBXBuildFile; fileRef = 6483C3762A11D2CD000463FE /* BackgroundMaterialBootcamp.swift */; };
		6483C3792A11D5B3000463FE /* TextSelectionBootcamp.swift in Sources */ = {isa = PBXBuildFile; fileRef = 6483C3782A11D5B3000463FE /* TextSelectionBootcamp.swift */; };
		6483C37B2A11DE9D000463FE /* ButtonStyleBootcamp.swift in Sources */ = {isa = PBXBuildFile; fileRef = 6483C37A2A11DE9D000463FE /* ButtonStyleBootcamp.swift */; };
		6483C37D2A11EE60000463FE /* ListSwipeActionBootcamp.swift in Sources */ = {isa = PBXBuildFile; fileRef = 6483C37C2A11EE60000463FE /* ListSwipeActionBootcamp.swift */; };
		6483C37F2A11F279000463FE /* BadgesBootcamp.swift in Sources */ = {isa = PBXBuildFile; fileRef = 6483C37E2A11F279000463FE /* BadgesBootcamp.swift */; };
		6483C3812A11F454000463FE /* FocusStateBootcamp.swift in Sources */ = {isa = PBXBuildFile; fileRef = 6483C3802A11F454000463FE /* FocusStateBootcamp.swift */; };
		6483C3832A11FE9D000463FE /* SubmitTextFieldBootcamp.swift in Sources */ = {isa = PBXBuildFile; fileRef = 6483C3822A11FE9D000463FE /* SubmitTextFieldBootcamp.swift */; };
		6488D65B2A0B2FD400C34787 /* SwiftUIPrac2.swift in Sources */ = {isa = PBXBuildFile; fileRef = 6488D65A2A0B2FD400C34787 /* SwiftUIPrac2.swift */; };
		64D2D4442A14F67400473A30 /* ContextMenuBootcamp.swift in Sources */ = {isa = PBXBuildFile; fileRef = 6455E80429FF692100B92BB5 /* ContextMenuBootcamp.swift */; };
		64D2D4452A14F6AA00473A30 /* ListView.swift in Sources */ = {isa = PBXBuildFile; fileRef = 64D2D4422A14F63100473A30 /* ListView.swift */; };
		64D2D4472A14F7C000473A30 /* ListRowView.swift in Sources */ = {isa = PBXBuildFile; fileRef = 64D2D4462A14F7C000473A30 /* ListRowView.swift */; };
		64D2D4492A14F95E00473A30 /* AddView.swift in Sources */ = {isa = PBXBuildFile; fileRef = 64D2D4482A14F95E00473A30 /* AddView.swift */; };
		64D2D44C2A14FBB700473A30 /* ItemModel.swift in Sources */ = {isa = PBXBuildFile; fileRef = 64D2D44B2A14FBB700473A30 /* ItemModel.swift */; };
		64D2D44F2A14FFDA00473A30 /* ListViewModel.swift in Sources */ = {isa = PBXBuildFile; fileRef = 64D2D44E2A14FFDA00473A30 /* ListViewModel.swift */; };
		64D2D4532A150E1A00473A30 /* NoItemView.swift in Sources */ = {isa = PBXBuildFile; fileRef = 64D2D4522A150E1A00473A30 /* NoItemView.swift */; };
		64D2D4562A1516F300473A30 /* LaunchScreen.storyboard in Resources */ = {isa = PBXBuildFile; fileRef = 64D2D4552A1516F300473A30 /* LaunchScreen.storyboard */; };
/* End PBXBuildFile section */

/* Begin PBXFileReference section */
		58FE9D7929FB356300D5E963 /* GridBootcamp.swift */ = {isa = PBXFileReference; lastKnownFileType = sourcecode.swift; path = GridBootcamp.swift; sourceTree = "<group>"; };
		6455E7B429ECBBC100B92BB5 /* SwiftUIThinking.app */ = {isa = PBXFileReference; explicitFileType = wrapper.application; includeInIndex = 0; path = SwiftUIThinking.app; sourceTree = BUILT_PRODUCTS_DIR; };
		6455E7B729ECBBC100B92BB5 /* SwiftUIThinkingApp.swift */ = {isa = PBXFileReference; lastKnownFileType = sourcecode.swift; path = SwiftUIThinkingApp.swift; sourceTree = "<group>"; };
		6455E7BB29ECBBC200B92BB5 /* Assets.xcassets */ = {isa = PBXFileReference; lastKnownFileType = folder.assetcatalog; path = Assets.xcassets; sourceTree = "<group>"; };
		6455E7BE29ECBBC200B92BB5 /* Preview Assets.xcassets */ = {isa = PBXFileReference; lastKnownFileType = folder.assetcatalog; path = "Preview Assets.xcassets"; sourceTree = "<group>"; };
		6455E7C729ECBFAA00B92BB5 /* TextBootcamp.swift */ = {isa = PBXFileReference; lastKnownFileType = sourcecode.swift; path = TextBootcamp.swift; sourceTree = "<group>"; };
		6455E7C929EF70E200B92BB5 /* ShapeBootcamp.swift */ = {isa = PBXFileReference; lastKnownFileType = sourcecode.swift; path = ShapeBootcamp.swift; sourceTree = "<group>"; };
		6455E7CB29EF799B00B92BB5 /* ColorBootcamp.swift */ = {isa = PBXFileReference; lastKnownFileType = sourcecode.swift; path = ColorBootcamp.swift; sourceTree = "<group>"; };
		6455E7CD29EF861400B92BB5 /* GradientsBootcamp.swift */ = {isa = PBXFileReference; lastKnownFileType = sourcecode.swift; path = GradientsBootcamp.swift; sourceTree = "<group>"; };
		6455E7CF29F0070100B92BB5 /* IconsBootcamp.swift */ = {isa = PBXFileReference; lastKnownFileType = sourcecode.swift; path = IconsBootcamp.swift; sourceTree = "<group>"; };
		6455E7D129F00CFD00B92BB5 /* ImageBootcamp.swift */ = {isa = PBXFileReference; lastKnownFileType = sourcecode.swift; path = ImageBootcamp.swift; sourceTree = "<group>"; };
		6455E7D329F0C4CC00B92BB5 /* FrameBootcamp.swift */ = {isa = PBXFileReference; lastKnownFileType = sourcecode.swift; path = FrameBootcamp.swift; sourceTree = "<group>"; };
		6455E7D529F5F59100B92BB5 /* BackgroundAndOverlayBootcamp.swift */ = {isa = PBXFileReference; lastKnownFileType = sourcecode.swift; path = BackgroundAndOverlayBootcamp.swift; sourceTree = "<group>"; };
		6455E7D729F603AE00B92BB5 /* StacksBootcamp.swift */ = {isa = PBXFileReference; lastKnownFileType = sourcecode.swift; path = StacksBootcamp.swift; sourceTree = "<group>"; };
		6455E7D929F619D300B92BB5 /* PaddingAndSpacerBootcamp.swift */ = {isa = PBXFileReference; lastKnownFileType = sourcecode.swift; path = PaddingAndSpacerBootcamp.swift; sourceTree = "<group>"; };
		6455E7DB29F633CF00B92BB5 /* SpacerBootcamp.swift */ = {isa = PBXFileReference; lastKnownFileType = sourcecode.swift; path = SpacerBootcamp.swift; sourceTree = "<group>"; };
		6455E7DD29F655D300B92BB5 /* ForEachBootcamp.swift */ = {isa = PBXFileReference; lastKnownFileType = sourcecode.swift; path = ForEachBootcamp.swift; sourceTree = "<group>"; };
		6455E7DF29F69CDC00B92BB5 /* ScrollViewBootcamp.swift */ = {isa = PBXFileReference; lastKnownFileType = sourcecode.swift; path = ScrollViewBootcamp.swift; sourceTree = "<group>"; };
		6455E7E629FCA1B700B92BB5 /* ButtonBootcamp.swift */ = {isa = PBXFileReference; lastKnownFileType = sourcecode.swift; path = ButtonBootcamp.swift; sourceTree = "<group>"; };
		6455E7E829FCA85700B92BB5 /* StateBootcamp.swift */ = {isa = PBXFileReference; lastKnownFileType = sourcecode.swift; path = StateBootcamp.swift; sourceTree = "<group>"; };
		6455E7EA29FCAF2E00B92BB5 /* ExtractedFunctionsBootcamp.swift */ = {isa = PBXFileReference; lastKnownFileType = sourcecode.swift; path = ExtractedFunctionsBootcamp.swift; sourceTree = "<group>"; };
		6455E7EC29FCB47000B92BB5 /* BindingBootCamp.swift */ = {isa = PBXFileReference; lastKnownFileType = sourcecode.swift; path = BindingBootCamp.swift; sourceTree = "<group>"; };
		6455E7EE29FCCB2A00B92BB5 /* AnimationBootcamp.swift */ = {isa = PBXFileReference; lastKnownFileType = sourcecode.swift; path = AnimationBootcamp.swift; sourceTree = "<group>"; };
		6455E7F229FCD4D600B92BB5 /* AnimationTimingBootcamp.swift */ = {isa = PBXFileReference; lastKnownFileType = sourcecode.swift; path = AnimationTimingBootcamp.swift; sourceTree = "<group>"; };
		6455E7F429FCDC9300B92BB5 /* TransitionBootcamp.swift */ = {isa = PBXFileReference; lastKnownFileType = sourcecode.swift; path = TransitionBootcamp.swift; sourceTree = "<group>"; };
		6455E7F629FE9A9B00B92BB5 /* SheetsBootcamp.swift */ = {isa = PBXFileReference; lastKnownFileType = sourcecode.swift; path = SheetsBootcamp.swift; sourceTree = "<group>"; };
		6455E7F829FEA49500B92BB5 /* PopoverBootcamp.swift */ = {isa = PBXFileReference; lastKnownFileType = sourcecode.swift; path = PopoverBootcamp.swift; sourceTree = "<group>"; };
		6455E7FA29FEA9A200B92BB5 /* NavigationViewBootcamp.swift */ = {isa = PBXFileReference; lastKnownFileType = sourcecode.swift; path = NavigationViewBootcamp.swift; sourceTree = "<group>"; };
		6455E7FC29FF460D00B92BB5 /* ListBootcamp.swift */ = {isa = PBXFileReference; lastKnownFileType = sourcecode.swift; path = ListBootcamp.swift; sourceTree = "<group>"; };
		6455E7FE29FF522200B92BB5 /* AlertBootcamp.swift */ = {isa = PBXFileReference; lastKnownFileType = sourcecode.swift; path = AlertBootcamp.swift; sourceTree = "<group>"; };
		6455E80029FF5D5500B92BB5 /* ActionsheetBootcamp.swift */ = {isa = PBXFileReference; lastKnownFileType = sourcecode.swift; path = ActionsheetBootcamp.swift; sourceTree = "<group>"; };
		6455E80429FF692100B92BB5 /* ContextMenuBootcamp.swift */ = {isa = PBXFileReference; lastKnownFileType = sourcecode.swift; path = ContextMenuBootcamp.swift; sourceTree = "<group>"; };
		6455E8252A03928400B92BB5 /* SwiftUIPrac1.swift */ = {isa = PBXFileReference; lastKnownFileType = sourcecode.swift; path = SwiftUIPrac1.swift; sourceTree = "<group>"; };
		6455E8282A03D9A600B92BB5 /* TextfieldBootcamp.swift */ = {isa = PBXFileReference; lastKnownFileType = sourcecode.swift; path = TextfieldBootcamp.swift; sourceTree = "<group>"; };
		6455E82A2A03E16A00B92BB5 /* TextEditorBootcamp.swift */ = {isa = PBXFileReference; lastKnownFileType = sourcecode.swift; path = TextEditorBootcamp.swift; sourceTree = "<group>"; };
		6455E82C2A03E59A00B92BB5 /* ToggleBootcamp.swift */ = {isa = PBXFileReference; lastKnownFileType = sourcecode.swift; path = ToggleBootcamp.swift; sourceTree = "<group>"; };
		6455E82E2A03E7F400B92BB5 /* PickerBootcamp.swift */ = {isa = PBXFileReference; lastKnownFileType = sourcecode.swift; path = PickerBootcamp.swift; sourceTree = "<group>"; };
		6455E8302A03F65900B92BB5 /* ColorPickerBootcamp.swift */ = {isa = PBXFileReference; lastKnownFileType = sourcecode.swift; path = ColorPickerBootcamp.swift; sourceTree = "<group>"; };
		6455E8322A03F92900B92BB5 /* DatePickerBootcamp.swift */ = {isa = PBXFileReference; lastKnownFileType = sourcecode.swift; path = DatePickerBootcamp.swift; sourceTree = "<group>"; };
		6455E8342A04003C00B92BB5 /* StepperBootcamp.swift */ = {isa = PBXFileReference; lastKnownFileType = sourcecode.swift; path = StepperBootcamp.swift; sourceTree = "<group>"; };
		6455E8362A04796000B92BB5 /* SliderBootcamp.swift */ = {isa = PBXFileReference; lastKnownFileType = sourcecode.swift; path = SliderBootcamp.swift; sourceTree = "<group>"; };
		6455E8382A04921B00B92BB5 /* TabViewBootcamp.swift */ = {isa = PBXFileReference; lastKnownFileType = sourcecode.swift; path = TabViewBootcamp.swift; sourceTree = "<group>"; };
		6455E83A2A04A52C00B92BB5 /* OnAppearBootcamp.swift */ = {isa = PBXFileReference; lastKnownFileType = sourcecode.swift; path = OnAppearBootcamp.swift; sourceTree = "<group>"; };
		6455E83C2A06022000B92BB5 /* TabGestureBootcamp.swift */ = {isa = PBXFileReference; lastKnownFileType = sourcecode.swift; path = TabGestureBootcamp.swift; sourceTree = "<group>"; };
		6455E83E2A0604B300B92BB5 /* ModelBootcamp.swift */ = {isa = PBXFileReference; lastKnownFileType = sourcecode.swift; path = ModelBootcamp.swift; sourceTree = "<group>"; };
		6455E8402A0609B000B92BB5 /* ViewModelBootcamp.swift */ = {isa = PBXFileReference; lastKnownFileType = sourcecode.swift; path = ViewModelBootcamp.swift; sourceTree = "<group>"; };
		6455E8422A061A0000B92BB5 /* EnvironmentObjectBootcamp.swift */ = {isa = PBXFileReference; lastKnownFileType = sourcecode.swift; path = EnvironmentObjectBootcamp.swift; sourceTree = "<group>"; };
		6478174E2A0E583A000DF859 /* AppStorageBootcamp.swift */ = {isa = PBXFileReference; lastKnownFileType = sourcecode.swift; path = AppStorageBootcamp.swift; sourceTree = "<group>"; };
		6483C36C2A11BAFD000463FE /* IntroView.swift */ = {isa = PBXFileReference; lastKnownFileType = sourcecode.swift; path = IntroView.swift; sourceTree = "<group>"; };
		6483C3702A11BC61000463FE /* OnboardingView.swift */ = {isa = PBXFileReference; lastKnownFileType = sourcecode.swift; path = OnboardingView.swift; sourceTree = "<group>"; };
		6483C3722A11C9DB000463FE /* ProfileView.swift */ = {isa = PBXFileReference; lastKnownFileType = sourcecode.swift; path = ProfileView.swift; sourceTree = "<group>"; };
		6483C3742A11CD10000463FE /* AsyncImageBootcamp.swift */ = {isa = PBXFileReference; lastKnownFileType = sourcecode.swift; path = AsyncImageBootcamp.swift; sourceTree = "<group>"; };
		6483C3762A11D2CD000463FE /* BackgroundMaterialBootcamp.swift */ = {isa = PBXFileReference; lastKnownFileType = sourcecode.swift; path = BackgroundMaterialBootcamp.swift; sourceTree = "<group>"; };
		6483C3782A11D5B3000463FE /* TextSelectionBootcamp.swift */ = {isa = PBXFileReference; lastKnownFileType = sourcecode.swift; path = TextSelectionBootcamp.swift; sourceTree = "<group>"; };
		6483C37A2A11DE9D000463FE /* ButtonStyleBootcamp.swift */ = {isa = PBXFileReference; lastKnownFileType = sourcecode.swift; path = ButtonStyleBootcamp.swift; sourceTree = "<group>"; };
		6483C37C2A11EE60000463FE /* ListSwipeActionBootcamp.swift */ = {isa = PBXFileReference; lastKnownFileType = sourcecode.swift; path = ListSwipeActionBootcamp.swift; sourceTree = "<group>"; };
		6483C37E2A11F279000463FE /* BadgesBootcamp.swift */ = {isa = PBXFileReference; lastKnownFileType = sourcecode.swift; path = BadgesBootcamp.swift; sourceTree = "<group>"; };
		6483C3802A11F454000463FE /* FocusStateBootcamp.swift */ = {isa = PBXFileReference; lastKnownFileType = sourcecode.swift; path = FocusStateBootcamp.swift; sourceTree = "<group>"; };
		6483C3822A11FE9D000463FE /* SubmitTextFieldBootcamp.swift */ = {isa = PBXFileReference; lastKnownFileType = sourcecode.swift; path = SubmitTextFieldBootcamp.swift; sourceTree = "<group>"; };
		6488D65A2A0B2FD400C34787 /* SwiftUIPrac2.swift */ = {isa = PBXFileReference; lastKnownFileType = sourcecode.swift; path = SwiftUIPrac2.swift; sourceTree = "<group>"; };
		64D2D4422A14F63100473A30 /* ListView.swift */ = {isa = PBXFileReference; lastKnownFileType = sourcecode.swift; path = ListView.swift; sourceTree = "<group>"; };
		64D2D4462A14F7C000473A30 /* ListRowView.swift */ = {isa = PBXFileReference; lastKnownFileType = sourcecode.swift; path = ListRowView.swift; sourceTree = "<group>"; };
		64D2D4482A14F95E00473A30 /* AddView.swift */ = {isa = PBXFileReference; lastKnownFileType = sourcecode.swift; path = AddView.swift; sourceTree = "<group>"; };
		64D2D44B2A14FBB700473A30 /* ItemModel.swift */ = {isa = PBXFileReference; lastKnownFileType = sourcecode.swift; path = ItemModel.swift; sourceTree = "<group>"; };
		64D2D44E2A14FFDA00473A30 /* ListViewModel.swift */ = {isa = PBXFileReference; lastKnownFileType = sourcecode.swift; path = ListViewModel.swift; sourceTree = "<group>"; };
		64D2D4522A150E1A00473A30 /* NoItemView.swift */ = {isa = PBXFileReference; lastKnownFileType = sourcecode.swift; path = NoItemView.swift; sourceTree = "<group>"; };
		64D2D4542A15169E00473A30 /* Info.plist */ = {isa = PBXFileReference; lastKnownFileType = text.plist; path = Info.plist; sourceTree = "<group>"; };
		64D2D4552A1516F300473A30 /* LaunchScreen.storyboard */ = {isa = PBXFileReference; lastKnownFileType = file.storyboard; path = LaunchScreen.storyboard; sourceTree = "<group>"; };
/* End PBXFileReference section */

/* Begin PBXFrameworksBuildPhase section */
		6455E7B129ECBBC100B92BB5 /* Frameworks */ = {
			isa = PBXFrameworksBuildPhase;
			buildActionMask = 2147483647;
			files = (
			);
			runOnlyForDeploymentPostprocessing = 0;
		};
/* End PBXFrameworksBuildPhase section */

/* Begin PBXGroup section */
		6455E7AB29ECBBC100B92BB5 = {
			isa = PBXGroup;
			children = (
				6455E7B629ECBBC100B92BB5 /* SwiftUIThinking */,
				6455E7B529ECBBC100B92BB5 /* Products */,
			);
			sourceTree = "<group>";
		};
		6455E7B529ECBBC100B92BB5 /* Products */ = {
			isa = PBXGroup;
			children = (
				6455E7B429ECBBC100B92BB5 /* SwiftUIThinking.app */,
			);
			name = Products;
			sourceTree = "<group>";
		};
		6455E7B629ECBBC100B92BB5 /* SwiftUIThinking */ = {
			isa = PBXGroup;
			children = (
				64D2D4542A15169E00473A30 /* Info.plist */,
				6455E7B729ECBBC100B92BB5 /* SwiftUIThinkingApp.swift */,
				64D2D44A2A14FB9C00473A30 /* Models */,
				64D2D44D2A14FFBB00473A30 /* ViewModels */,
				64D2D4412A14F62000473A30 /* Views */,
				64D2D4402A14F5A500473A30 /* Grammar */,
				6455E7BB29ECBBC200B92BB5 /* Assets.xcassets */,
				6455E7BD29ECBBC200B92BB5 /* Preview Content */,
			);
			path = SwiftUIThinking;
			sourceTree = "<group>";
		};
		6455E7BD29ECBBC200B92BB5 /* Preview Content */ = {
			isa = PBXGroup;
			children = (
				6455E7BE29ECBBC200B92BB5 /* Preview Assets.xcassets */,
			);
			path = "Preview Content";
			sourceTree = "<group>";
		};
		6483C36E2A11BAFF000463FE /* OnboardingViews */ = {
			isa = PBXGroup;
			children = (
				6483C36C2A11BAFD000463FE /* IntroView.swift */,
				6483C3722A11C9DB000463FE /* ProfileView.swift */,
				6483C3702A11BC61000463FE /* OnboardingView.swift */,
			);
			path = OnboardingViews;
			sourceTree = "<group>";
		};
		64D2D4402A14F5A500473A30 /* Grammar */ = {
			isa = PBXGroup;
			children = (
				6455E7C929EF70E200B92BB5 /* ShapeBootcamp.swift */,
				6455E7CB29EF799B00B92BB5 /* ColorBootcamp.swift */,
				6455E7CD29EF861400B92BB5 /* GradientsBootcamp.swift */,
				6455E7CF29F0070100B92BB5 /* IconsBootcamp.swift */,
				6455E7D129F00CFD00B92BB5 /* ImageBootcamp.swift */,
				6455E7D329F0C4CC00B92BB5 /* FrameBootcamp.swift */,
				6455E7D529F5F59100B92BB5 /* BackgroundAndOverlayBootcamp.swift */,
				6455E7D729F603AE00B92BB5 /* StacksBootcamp.swift */,
				6455E7D929F619D300B92BB5 /* PaddingAndSpacerBootcamp.swift */,
				6455E7DB29F633CF00B92BB5 /* SpacerBootcamp.swift */,
				6455E7DD29F655D300B92BB5 /* ForEachBootcamp.swift */,
				6455E7DF29F69CDC00B92BB5 /* ScrollViewBootcamp.swift */,
				58FE9D7929FB356300D5E963 /* GridBootcamp.swift */,
				6455E7C729ECBFAA00B92BB5 /* TextBootcamp.swift */,
				6455E7E629FCA1B700B92BB5 /* ButtonBootcamp.swift */,
				6455E7E829FCA85700B92BB5 /* StateBootcamp.swift */,
				6455E7EA29FCAF2E00B92BB5 /* ExtractedFunctionsBootcamp.swift */,
				6455E7EC29FCB47000B92BB5 /* BindingBootCamp.swift */,
				6455E7EE29FCCB2A00B92BB5 /* AnimationBootcamp.swift */,
				6455E7F229FCD4D600B92BB5 /* AnimationTimingBootcamp.swift */,
				6455E7F429FCDC9300B92BB5 /* TransitionBootcamp.swift */,
				6455E7F629FE9A9B00B92BB5 /* SheetsBootcamp.swift */,
				6455E7F829FEA49500B92BB5 /* PopoverBootcamp.swift */,
				6455E7FA29FEA9A200B92BB5 /* NavigationViewBootcamp.swift */,
				6455E7FC29FF460D00B92BB5 /* ListBootcamp.swift */,
				6455E7FE29FF522200B92BB5 /* AlertBootcamp.swift */,
				6455E80029FF5D5500B92BB5 /* ActionsheetBootcamp.swift */,
				6455E80429FF692100B92BB5 /* ContextMenuBootcamp.swift */,
				6455E8252A03928400B92BB5 /* SwiftUIPrac1.swift */,
				6455E8282A03D9A600B92BB5 /* TextfieldBootcamp.swift */,
				6455E82A2A03E16A00B92BB5 /* TextEditorBootcamp.swift */,
				6455E82C2A03E59A00B92BB5 /* ToggleBootcamp.swift */,
				6455E82E2A03E7F400B92BB5 /* PickerBootcamp.swift */,
				6455E8302A03F65900B92BB5 /* ColorPickerBootcamp.swift */,
				6455E8322A03F92900B92BB5 /* DatePickerBootcamp.swift */,
				6455E8342A04003C00B92BB5 /* StepperBootcamp.swift */,
				6455E8362A04796000B92BB5 /* SliderBootcamp.swift */,
				6455E8382A04921B00B92BB5 /* TabViewBootcamp.swift */,
				6455E83A2A04A52C00B92BB5 /* OnAppearBootcamp.swift */,
				6455E83C2A06022000B92BB5 /* TabGestureBootcamp.swift */,
				6455E83E2A0604B300B92BB5 /* ModelBootcamp.swift */,
				6455E8402A0609B000B92BB5 /* ViewModelBootcamp.swift */,
				6455E8422A061A0000B92BB5 /* EnvironmentObjectBootcamp.swift */,
				6488D65A2A0B2FD400C34787 /* SwiftUIPrac2.swift */,
				6478174E2A0E583A000DF859 /* AppStorageBootcamp.swift */,
				6483C3742A11CD10000463FE /* AsyncImageBootcamp.swift */,
				6483C3762A11D2CD000463FE /* BackgroundMaterialBootcamp.swift */,
				6483C3782A11D5B3000463FE /* TextSelectionBootcamp.swift */,
				6483C37A2A11DE9D000463FE /* ButtonStyleBootcamp.swift */,
				6483C37C2A11EE60000463FE /* ListSwipeActionBootcamp.swift */,
				6483C37E2A11F279000463FE /* BadgesBootcamp.swift */,
				6483C3802A11F454000463FE /* FocusStateBootcamp.swift */,
				6483C3822A11FE9D000463FE /* SubmitTextFieldBootcamp.swift */,
				6483C36E2A11BAFF000463FE /* OnboardingViews */,
			);
			path = Grammar;
			sourceTree = "<group>";
		};
		64D2D4412A14F62000473A30 /* Views */ = {
			isa = PBXGroup;
			children = (
				64D2D4422A14F63100473A30 /* ListView.swift */,
				64D2D4522A150E1A00473A30 /* NoItemView.swift */,
				64D2D4482A14F95E00473A30 /* AddView.swift */,
				64D2D4462A14F7C000473A30 /* ListRowView.swift */,
				64D2D4552A1516F300473A30 /* LaunchScreen.storyboard */,
			);
			path = Views;
			sourceTree = "<group>";
		};
		64D2D44A2A14FB9C00473A30 /* Models */ = {
			isa = PBXGroup;
			children = (
				64D2D44B2A14FBB700473A30 /* ItemModel.swift */,
			);
			path = Models;
			sourceTree = "<group>";
		};
		64D2D44D2A14FFBB00473A30 /* ViewModels */ = {
			isa = PBXGroup;
			children = (
				64D2D44E2A14FFDA00473A30 /* ListViewModel.swift */,
			);
			path = ViewModels;
			sourceTree = "<group>";
		};
/* End PBXGroup section */

/* Begin PBXNativeTarget section */
		6455E7B329ECBBC100B92BB5 /* SwiftUIThinking */ = {
			isa = PBXNativeTarget;
			buildConfigurationList = 6455E7C229ECBBC200B92BB5 /* Build configuration list for PBXNativeTarget "SwiftUIThinking" */;
			buildPhases = (
				6455E7B029ECBBC100B92BB5 /* Sources */,
				6455E7B129ECBBC100B92BB5 /* Frameworks */,
				6455E7B229ECBBC100B92BB5 /* Resources */,
			);
			buildRules = (
			);
			dependencies = (
			);
			name = SwiftUIThinking;
			productName = SwiftUIThinking;
			productReference = 6455E7B429ECBBC100B92BB5 /* SwiftUIThinking.app */;
			productType = "com.apple.product-type.application";
		};
/* End PBXNativeTarget section */

/* Begin PBXProject section */
		6455E7AC29ECBBC100B92BB5 /* Project object */ = {
			isa = PBXProject;
			attributes = {
				BuildIndependentTargetsInParallel = 1;
				LastSwiftUpdateCheck = 1430;
				LastUpgradeCheck = 1430;
				TargetAttributes = {
					6455E7B329ECBBC100B92BB5 = {
						CreatedOnToolsVersion = 14.3;
					};
				};
			};
			buildConfigurationList = 6455E7AF29ECBBC100B92BB5 /* Build configuration list for PBXProject "SwiftUIThinking" */;
			compatibilityVersion = "Xcode 14.0";
			developmentRegion = en;
			hasScannedForEncodings = 0;
			knownRegions = (
				en,
				Base,
			);
			mainGroup = 6455E7AB29ECBBC100B92BB5;
			productRefGroup = 6455E7B529ECBBC100B92BB5 /* Products */;
			projectDirPath = "";
			projectRoot = "";
			targets = (
				6455E7B329ECBBC100B92BB5 /* SwiftUIThinking */,
			);
		};
/* End PBXProject section */

/* Begin PBXResourcesBuildPhase section */
		6455E7B229ECBBC100B92BB5 /* Resources */ = {
			isa = PBXResourcesBuildPhase;
			buildActionMask = 2147483647;
			files = (
				64D2D4562A1516F300473A30 /* LaunchScreen.storyboard in Resources */,
				6455E7BF29ECBBC200B92BB5 /* Preview Assets.xcassets in Resources */,
				6455E7BC29ECBBC200B92BB5 /* Assets.xcassets in Resources */,
			);
			runOnlyForDeploymentPostprocessing = 0;
		};
/* End PBXResourcesBuildPhase section */

/* Begin PBXSourcesBuildPhase section */
		6455E7B029ECBBC100B92BB5 /* Sources */ = {
			isa = PBXSourcesBuildPhase;
			buildActionMask = 2147483647;
			files = (
				6455E7F729FE9A9B00B92BB5 /* SheetsBootcamp.swift in Sources */,
				6455E7CE29EF861400B92BB5 /* GradientsBootcamp.swift in Sources */,
				64D2D4442A14F67400473A30 /* ContextMenuBootcamp.swift in Sources */,
				6483C37F2A11F279000463FE /* BadgesBootcamp.swift in Sources */,
				6455E7FD29FF460D00B92BB5 /* ListBootcamp.swift in Sources */,
				6455E7D629F5F59100B92BB5 /* BackgroundAndOverlayBootcamp.swift in Sources */,
				6455E83B2A04A52C00B92BB5 /* OnAppearBootcamp.swift in Sources */,
				6455E82B2A03E16A00B92BB5 /* TextEditorBootcamp.swift in Sources */,
				6483C3772A11D2CD000463FE /* BackgroundMaterialBootcamp.swift in Sources */,
				6455E7DA29F619D300B92BB5 /* PaddingAndSpacerBootcamp.swift in Sources */,
				6483C3792A11D5B3000463FE /* TextSelectionBootcamp.swift in Sources */,
				6455E8412A0609B000B92BB5 /* ViewModelBootcamp.swift in Sources */,
				6455E7CC29EF799B00B92BB5 /* ColorBootcamp.swift in Sources */,
				6455E7D429F0C4CC00B92BB5 /* FrameBootcamp.swift in Sources */,
				6455E7CA29EF70E200B92BB5 /* ShapeBootcamp.swift in Sources */,
				6455E8332A03F92900B92BB5 /* DatePickerBootcamp.swift in Sources */,
				6455E7EB29FCAF2E00B92BB5 /* ExtractedFunctionsBootcamp.swift in Sources */,
				6455E8432A061A0000B92BB5 /* EnvironmentObjectBootcamp.swift in Sources */,
				6455E8352A04003C00B92BB5 /* StepperBootcamp.swift in Sources */,
				6455E7C829ECBFAA00B92BB5 /* TextBootcamp.swift in Sources */,
				6483C36F2A11BB29000463FE /* IntroView.swift in Sources */,
				58FE9D7A29FB356300D5E963 /* GridBootcamp.swift in Sources */,
				6455E8392A04921B00B92BB5 /* TabViewBootcamp.swift in Sources */,
				6455E8272A03929200B92BB5 /* SwiftUIPrac1.swift in Sources */,
				6455E7B829ECBBC100B92BB5 /* SwiftUIThinkingApp.swift in Sources */,
				6455E7F929FEA49500B92BB5 /* PopoverBootcamp.swift in Sources */,
				6455E7EF29FCCB2A00B92BB5 /* AnimationBootcamp.swift in Sources */,
				6455E8292A03D9A600B92BB5 /* TextfieldBootcamp.swift in Sources */,
				64D2D4472A14F7C000473A30 /* ListRowView.swift in Sources */,
				6483C3832A11FE9D000463FE /* SubmitTextFieldBootcamp.swift in Sources */,
				6455E80129FF5D5500B92BB5 /* ActionsheetBootcamp.swift in Sources */,
				6455E7D829F603AE00B92BB5 /* StacksBootcamp.swift in Sources */,
				64D2D4492A14F95E00473A30 /* AddView.swift in Sources */,
				6455E7FB29FEA9A200B92BB5 /* NavigationViewBootcamp.swift in Sources */,
				6455E82D2A03E59A00B92BB5 /* ToggleBootcamp.swift in Sources */,
				6455E7DC29F633CF00B92BB5 /* SpacerBootcamp.swift in Sources */,
				64D2D44C2A14FBB700473A30 /* ItemModel.swift in Sources */,
				6455E7DE29F655D300B92BB5 /* ForEachBootcamp.swift in Sources */,
				6483C3732A11C9DB000463FE /* ProfileView.swift in Sources */,
				6455E7E729FCA1B700B92BB5 /* ButtonBootcamp.swift in Sources */,
				6455E83D2A06022000B92BB5 /* TabGestureBootcamp.swift in Sources */,
				6478174F2A0E583A000DF859 /* AppStorageBootcamp.swift in Sources */,
				6455E8312A03F65900B92BB5 /* ColorPickerBootcamp.swift in Sources */,
				64D2D44F2A14FFDA00473A30 /* ListViewModel.swift in Sources */,
				6483C3752A11CD10000463FE /* AsyncImageBootcamp.swift in Sources */,
				6455E7E029F69CDC00B92BB5 /* ScrollViewBootcamp.swift in Sources */,
				6455E83F2A0604B300B92BB5 /* ModelBootcamp.swift in Sources */,
				6488D65B2A0B2FD400C34787 /* SwiftUIPrac2.swift in Sources */,
				64D2D4452A14F6AA00473A30 /* ListView.swift in Sources */,
				6455E7ED29FCB47000B92BB5 /* BindingBootCamp.swift in Sources */,
				6455E7D229F00CFD00B92BB5 /* ImageBootcamp.swift in Sources */,
				6455E82F2A03E7F400B92BB5 /* PickerBootcamp.swift in Sources */,
				6483C37D2A11EE60000463FE /* ListSwipeActionBootcamp.swift in Sources */,
				6455E8372A04796000B92BB5 /* SliderBootcamp.swift in Sources */,
				6455E7F329FCD4D600B92BB5 /* AnimationTimingBootcamp.swift in Sources */,
				64D2D4532A150E1A00473A30 /* NoItemView.swift in Sources */,
				6483C37B2A11DE9D000463FE /* ButtonStyleBootcamp.swift in Sources */,
				6455E7E929FCA85700B92BB5 /* StateBootcamp.swift in Sources */,
				6455E7F529FCDC9300B92BB5 /* TransitionBootcamp.swift in Sources */,
				6455E7D029F0070100B92BB5 /* IconsBootcamp.swift in Sources */,
				6483C3812A11F454000463FE /* FocusStateBootcamp.swift in Sources */,
				6455E7FF29FF522200B92BB5 /* AlertBootcamp.swift in Sources */,
				6483C3712A11BC61000463FE /* OnboardingView.swift in Sources */,
			);
			runOnlyForDeploymentPostprocessing = 0;
		};
/* End PBXSourcesBuildPhase section */

/* Begin XCBuildConfiguration section */
		6455E7C029ECBBC200B92BB5 /* Debug */ = {
			isa = XCBuildConfiguration;
			buildSettings = {
				ALWAYS_SEARCH_USER_PATHS = NO;
				CLANG_ANALYZER_NONNULL = YES;
				CLANG_ANALYZER_NUMBER_OBJECT_CONVERSION = YES_AGGRESSIVE;
				CLANG_CXX_LANGUAGE_STANDARD = "gnu++20";
				CLANG_ENABLE_MODULES = YES;
				CLANG_ENABLE_OBJC_ARC = YES;
				CLANG_ENABLE_OBJC_WEAK = YES;
				CLANG_WARN_BLOCK_CAPTURE_AUTORELEASING = YES;
				CLANG_WARN_BOOL_CONVERSION = YES;
				CLANG_WARN_COMMA = YES;
				CLANG_WARN_CONSTANT_CONVERSION = YES;
				CLANG_WARN_DEPRECATED_OBJC_IMPLEMENTATIONS = YES;
				CLANG_WARN_DIRECT_OBJC_ISA_USAGE = YES_ERROR;
				CLANG_WARN_DOCUMENTATION_COMMENTS = YES;
				CLANG_WARN_EMPTY_BODY = YES;
				CLANG_WARN_ENUM_CONVERSION = YES;
				CLANG_WARN_INFINITE_RECURSION = YES;
				CLANG_WARN_INT_CONVERSION = YES;
				CLANG_WARN_NON_LITERAL_NULL_CONVERSION = YES;
				CLANG_WARN_OBJC_IMPLICIT_RETAIN_SELF = YES;
				CLANG_WARN_OBJC_LITERAL_CONVERSION = YES;
				CLANG_WARN_OBJC_ROOT_CLASS = YES_ERROR;
				CLANG_WARN_QUOTED_INCLUDE_IN_FRAMEWORK_HEADER = YES;
				CLANG_WARN_RANGE_LOOP_ANALYSIS = YES;
				CLANG_WARN_STRICT_PROTOTYPES = YES;
				CLANG_WARN_SUSPICIOUS_MOVE = YES;
				CLANG_WARN_UNGUARDED_AVAILABILITY = YES_AGGRESSIVE;
				CLANG_WARN_UNREACHABLE_CODE = YES;
				CLANG_WARN__DUPLICATE_METHOD_MATCH = YES;
				COPY_PHASE_STRIP = NO;
				DEBUG_INFORMATION_FORMAT = dwarf;
				ENABLE_STRICT_OBJC_MSGSEND = YES;
				ENABLE_TESTABILITY = YES;
				GCC_C_LANGUAGE_STANDARD = gnu11;
				GCC_DYNAMIC_NO_PIC = NO;
				GCC_NO_COMMON_BLOCKS = YES;
				GCC_OPTIMIZATION_LEVEL = 0;
				GCC_PREPROCESSOR_DEFINITIONS = (
					"DEBUG=1",
					"$(inherited)",
				);
				GCC_WARN_64_TO_32_BIT_CONVERSION = YES;
				GCC_WARN_ABOUT_RETURN_TYPE = YES_ERROR;
				GCC_WARN_UNDECLARED_SELECTOR = YES;
				GCC_WARN_UNINITIALIZED_AUTOS = YES_AGGRESSIVE;
				GCC_WARN_UNUSED_FUNCTION = YES;
				GCC_WARN_UNUSED_VARIABLE = YES;
				IPHONEOS_DEPLOYMENT_TARGET = 16.4;
				MTL_ENABLE_DEBUG_INFO = INCLUDE_SOURCE;
				MTL_FAST_MATH = YES;
				ONLY_ACTIVE_ARCH = YES;
				SDKROOT = iphoneos;
				SWIFT_ACTIVE_COMPILATION_CONDITIONS = DEBUG;
				SWIFT_OPTIMIZATION_LEVEL = "-Onone";
			};
			name = Debug;
		};
		6455E7C129ECBBC200B92BB5 /* Release */ = {
			isa = XCBuildConfiguration;
			buildSettings = {
				ALWAYS_SEARCH_USER_PATHS = NO;
				CLANG_ANALYZER_NONNULL = YES;
				CLANG_ANALYZER_NUMBER_OBJECT_CONVERSION = YES_AGGRESSIVE;
				CLANG_CXX_LANGUAGE_STANDARD = "gnu++20";
				CLANG_ENABLE_MODULES = YES;
				CLANG_ENABLE_OBJC_ARC = YES;
				CLANG_ENABLE_OBJC_WEAK = YES;
				CLANG_WARN_BLOCK_CAPTURE_AUTORELEASING = YES;
				CLANG_WARN_BOOL_CONVERSION = YES;
				CLANG_WARN_COMMA = YES;
				CLANG_WARN_CONSTANT_CONVERSION = YES;
				CLANG_WARN_DEPRECATED_OBJC_IMPLEMENTATIONS = YES;
				CLANG_WARN_DIRECT_OBJC_ISA_USAGE = YES_ERROR;
				CLANG_WARN_DOCUMENTATION_COMMENTS = YES;
				CLANG_WARN_EMPTY_BODY = YES;
				CLANG_WARN_ENUM_CONVERSION = YES;
				CLANG_WARN_INFINITE_RECURSION = YES;
				CLANG_WARN_INT_CONVERSION = YES;
				CLANG_WARN_NON_LITERAL_NULL_CONVERSION = YES;
				CLANG_WARN_OBJC_IMPLICIT_RETAIN_SELF = YES;
				CLANG_WARN_OBJC_LITERAL_CONVERSION = YES;
				CLANG_WARN_OBJC_ROOT_CLASS = YES_ERROR;
				CLANG_WARN_QUOTED_INCLUDE_IN_FRAMEWORK_HEADER = YES;
				CLANG_WARN_RANGE_LOOP_ANALYSIS = YES;
				CLANG_WARN_STRICT_PROTOTYPES = YES;
				CLANG_WARN_SUSPICIOUS_MOVE = YES;
				CLANG_WARN_UNGUARDED_AVAILABILITY = YES_AGGRESSIVE;
				CLANG_WARN_UNREACHABLE_CODE = YES;
				CLANG_WARN__DUPLICATE_METHOD_MATCH = YES;
				COPY_PHASE_STRIP = NO;
				DEBUG_INFORMATION_FORMAT = "dwarf-with-dsym";
				ENABLE_NS_ASSERTIONS = NO;
				ENABLE_STRICT_OBJC_MSGSEND = YES;
				GCC_C_LANGUAGE_STANDARD = gnu11;
				GCC_NO_COMMON_BLOCKS = YES;
				GCC_WARN_64_TO_32_BIT_CONVERSION = YES;
				GCC_WARN_ABOUT_RETURN_TYPE = YES_ERROR;
				GCC_WARN_UNDECLARED_SELECTOR = YES;
				GCC_WARN_UNINITIALIZED_AUTOS = YES_AGGRESSIVE;
				GCC_WARN_UNUSED_FUNCTION = YES;
				GCC_WARN_UNUSED_VARIABLE = YES;
				IPHONEOS_DEPLOYMENT_TARGET = 16.4;
				MTL_ENABLE_DEBUG_INFO = NO;
				MTL_FAST_MATH = YES;
				SDKROOT = iphoneos;
				SWIFT_COMPILATION_MODE = wholemodule;
				SWIFT_OPTIMIZATION_LEVEL = "-O";
				VALIDATE_PRODUCT = YES;
			};
			name = Release;
		};
		6455E7C329ECBBC200B92BB5 /* Debug */ = {
			isa = XCBuildConfiguration;
			buildSettings = {
				ASSETCATALOG_COMPILER_APPICON_NAME = AppIcon;
				ASSETCATALOG_COMPILER_GLOBAL_ACCENT_COLOR_NAME = AccentColor;
				CODE_SIGN_STYLE = Automatic;
				CURRENT_PROJECT_VERSION = 1;
				DEVELOPMENT_ASSET_PATHS = "\"SwiftUIThinking/Preview Content\"";
				DEVELOPMENT_TEAM = MTDP4HFM7X;
				ENABLE_PREVIEWS = YES;
				GENERATE_INFOPLIST_FILE = YES;
				INFOPLIST_FILE = SwiftUIThinking/Info.plist;
				INFOPLIST_KEY_CFBundleDisplayName = "Do Stuff";
				INFOPLIST_KEY_UIApplicationSceneManifest_Generation = YES;
				INFOPLIST_KEY_UIApplicationSupportsIndirectInputEvents = YES;
				INFOPLIST_KEY_UILaunchScreen_Generation = YES;
				INFOPLIST_KEY_UILaunchStoryboardName = LaunchScreen.storyboard;
				INFOPLIST_KEY_UISupportedInterfaceOrientations_iPad = "UIInterfaceOrientationPortrait UIInterfaceOrientationPortraitUpsideDown UIInterfaceOrientationLandscapeLeft UIInterfaceOrientationLandscapeRight";
				INFOPLIST_KEY_UISupportedInterfaceOrientations_iPhone = "UIInterfaceOrientationPortrait UIInterfaceOrientationLandscapeLeft UIInterfaceOrientationLandscapeRight";
				LD_RUNPATH_SEARCH_PATHS = (
					"$(inherited)",
					"@executable_path/Frameworks",
				);
				MARKETING_VERSION = 1.0;
				PRODUCT_BUNDLE_IDENTIFIER = com.Eddy.SwiftUIThinking;
				PRODUCT_NAME = "$(TARGET_NAME)";
				SWIFT_EMIT_LOC_STRINGS = YES;
				SWIFT_VERSION = 5.0;
				TARGETED_DEVICE_FAMILY = "1,2";
			};
			name = Debug;
		};
		6455E7C429ECBBC200B92BB5 /* Release */ = {
			isa = XCBuildConfiguration;
			buildSettings = {
				ASSETCATALOG_COMPILER_APPICON_NAME = AppIcon;
				ASSETCATALOG_COMPILER_GLOBAL_ACCENT_COLOR_NAME = AccentColor;
				CODE_SIGN_STYLE = Automatic;
				CURRENT_PROJECT_VERSION = 1;
				DEVELOPMENT_ASSET_PATHS = "\"SwiftUIThinking/Preview Content\"";
				DEVELOPMENT_TEAM = MTDP4HFM7X;
				ENABLE_PREVIEWS = YES;
				GENERATE_INFOPLIST_FILE = YES;
				INFOPLIST_FILE = SwiftUIThinking/Info.plist;
				INFOPLIST_KEY_CFBundleDisplayName = "Do Stuff";
				INFOPLIST_KEY_UIApplicationSceneManifest_Generation = YES;
				INFOPLIST_KEY_UIApplicationSupportsIndirectInputEvents = YES;
				INFOPLIST_KEY_UILaunchScreen_Generation = YES;
				INFOPLIST_KEY_UILaunchStoryboardName = LaunchScreen.storyboard;
				INFOPLIST_KEY_UISupportedInterfaceOrientations_iPad = "UIInterfaceOrientationPortrait UIInterfaceOrientationPortraitUpsideDown UIInterfaceOrientationLandscapeLeft UIInterfaceOrientationLandscapeRight";
				INFOPLIST_KEY_UISupportedInterfaceOrientations_iPhone = "UIInterfaceOrientationPortrait UIInterfaceOrientationLandscapeLeft UIInterfaceOrientationLandscapeRight";
				LD_RUNPATH_SEARCH_PATHS = (
					"$(inherited)",
					"@executable_path/Frameworks",
				);
				MARKETING_VERSION = 1.0;
				PRODUCT_BUNDLE_IDENTIFIER = com.Eddy.SwiftUIThinking;
				PRODUCT_NAME = "$(TARGET_NAME)";
				SWIFT_EMIT_LOC_STRINGS = YES;
				SWIFT_VERSION = 5.0;
				TARGETED_DEVICE_FAMILY = "1,2";
			};
			name = Release;
		};
/* End XCBuildConfiguration section */

/* Begin XCConfigurationList section */
		6455E7AF29ECBBC100B92BB5 /* Build configuration list for PBXProject "SwiftUIThinking" */ = {
			isa = XCConfigurationList;
			buildConfigurations = (
				6455E7C029ECBBC200B92BB5 /* Debug */,
				6455E7C129ECBBC200B92BB5 /* Release */,
			);
			defaultConfigurationIsVisible = 0;
			defaultConfigurationName = Release;
		};
		6455E7C229ECBBC200B92BB5 /* Build configuration list for PBXNativeTarget "SwiftUIThinking" */ = {
			isa = XCConfigurationList;
			buildConfigurations = (
				6455E7C329ECBBC200B92BB5 /* Debug */,
				6455E7C429ECBBC200B92BB5 /* Release */,
			);
			defaultConfigurationIsVisible = 0;
			defaultConfigurationName = Release;
		};
/* End XCConfigurationList section */
	};
	rootObject = 6455E7AC29ECBBC100B92BB5 /* Project object */;
}
